
Microsoft Visual Studio Solution File, Format Version 12.00
# Visual Studio 2017
Project("{FAE04EC0-301F-11D3-BF4B-00C04F79EFBC}") = "AdventureGame.Plugins", "AdventureGame.Plugins.csproj", "{EFBCA6BA-C113-695F-B7D8-0C421E15691E}"
EndProject
Project("{FAE04EC0-301F-11D3-BF4B-00C04F79EFBC}") = "AdventureGame", "AdventureGame.csproj", "{3F13D47B-EC56-B419-BC95-BF12CD062029}"
EndProject
Project("{FAE04EC0-301F-11D3-BF4B-00C04F79EFBC}") = "AdventureGame.Editor.Plugins", "AdventureGame.Editor.Plugins.csproj", "{00CA2C87-574D-4412-953F-D4F7A9531BD4}"
EndProject
Global
	GlobalSection(SolutionConfigurationPlatforms) = preSolution
		Debug|Any CPU = Debug|Any CPU
		Release|Any CPU = Release|Any CPU
	EndGlobalSection
	GlobalSection(ProjectConfigurationPlatforms) = postSolution
		{EFBCA6BA-C113-695F-B7D8-0C421E15691E}.Debug|Any CPU.ActiveCfg = Debug|Any CPU
		{EFBCA6BA-C113-695F-B7D8-0C421E15691E}.Debug|Any CPU.Build.0 = Debug|Any CPU
		{EFBCA6BA-C113-695F-B7D8-0C421E15691E}.Release|Any CPU.ActiveCfg = Release|Any CPU
		{EFBCA6BA-C113-695F-B7D8-0C421E15691E}.Release|Any CPU.Build.0 = Release|Any CPU
		{3F13D47B-EC56-B419-BC95-BF12CD062029}.Debug|Any CPU.ActiveCfg = Debug|Any CPU
		{3F13D47B-EC56-B419-BC95-BF12CD062029}.Debug|Any CPU.Build.0 = Debug|Any CPU
		{3F13D47B-EC56-B419-BC95-BF12CD062029}.Release|Any CPU.ActiveCfg = Release|Any CPU
		{3F13D47B-EC56-B419-BC95-BF12CD062029}.Release|Any CPU.Build.0 = Release|Any CPU
		{00CA2C87-574D-4412-953F-D4F7A9531BD4}.Debug|Any CPU.ActiveCfg = Debug|Any CPU
		{00CA2C87-574D-4412-953F-D4F7A9531BD4}.Debug|Any CPU.Build.0 = Debug|Any CPU
		{00CA2C87-574D-4412-953F-D4F7A9531BD4}.Release|Any CPU.ActiveCfg = Release|Any CPU
		{00CA2C87-574D-4412-953F-D4F7A9531BD4}.Release|Any CPU.Build.0 = Release|Any CPU
	EndGlobalSection
	GlobalSection(SolutionProperties) = preSolution
		HideSolutionNode = FALSE
	EndGlobalSection
EndGlobal
